
Microsoft Visual Studio Solution File, Format Version 11.00
# Visual Studio 2010
Project("{F184B08F-C81C-45F6-A57F-5ABD9991F28F}") = "Ahorcado", "Ahorcado\Ahorcado.vbproj", "{90C508BE-FBE1-4741-ABFA-24A866CA589B}"
EndProject
Project("{F184B08F-C81C-45F6-A57F-5ABD9991F28F}") = "Clases", "Clases\Clases.vbproj", "{1D1C3A69-C6E7-4C96-BFD5-B42F50A5466F}"
EndProject
Global
	GlobalSection(SolutionConfigurationPlatforms) = preSolution
		Debug|Any CPU = Debug|Any CPU
		Debug|Mixed Platforms = Debug|Mixed Platforms
		Debug|x86 = Debug|x86
		Release|Any CPU = Release|Any CPU
		Release|Mixed Platforms = Release|Mixed Platforms
		Release|x86 = Release|x86
	EndGlobalSection
	GlobalSection(ProjectConfigurationPlatforms) = postSolution
		{90C508BE-FBE1-4741-ABFA-24A866CA589B}.Debug|Any CPU.ActiveCfg = Debug|x86
		{90C508BE-FBE1-4741-ABFA-24A866CA589B}.Debug|Mixed Platforms.ActiveCfg = Debug|x86
		{90C508BE-FBE1-4741-ABFA-24A866CA589B}.Debug|Mixed Platforms.Build.0 = Debug|x86
		{90C508BE-FBE1-4741-ABFA-24A866CA589B}.Debug|x86.ActiveCfg = Debug|x86
		{90C508BE-FBE1-4741-ABFA-24A866CA589B}.Debug|x86.Build.0 = Debug|x86
		{90C508BE-FBE1-4741-ABFA-24A866CA589B}.Release|Any CPU.ActiveCfg = Release|x86
		{90C508BE-FBE1-4741-ABFA-24A866CA589B}.Release|Mixed Platforms.ActiveCfg = Release|x86
		{90C508BE-FBE1-4741-ABFA-24A866CA589B}.Release|Mixed Platforms.Build.0 = Release|x86
		{90C508BE-FBE1-4741-ABFA-24A866CA589B}.Release|x86.ActiveCfg = Release|x86
		{90C508BE-FBE1-4741-ABFA-24A866CA589B}.Release|x86.Build.0 = Release|x86
		{1D1C3A69-C6E7-4C96-BFD5-B42F50A5466F}.Debug|Any CPU.ActiveCfg = Debug|Any CPU
		{1D1C3A69-C6E7-4C96-BFD5-B42F50A5466F}.Debug|Any CPU.Build.0 = Debug|Any CPU
		{1D1C3A69-C6E7-4C96-BFD5-B42F50A5466F}.Debug|Mixed Platforms.ActiveCfg = Debug|Any CPU
		{1D1C3A69-C6E7-4C96-BFD5-B42F50A5466F}.Debug|Mixed Platforms.Build.0 = Debug|Any CPU
		{1D1C3A69-C6E7-4C96-BFD5-B42F50A5466F}.Debug|x86.ActiveCfg = Debug|Any CPU
		{1D1C3A69-C6E7-4C96-BFD5-B42F50A5466F}.Release|Any CPU.ActiveCfg = Release|Any CPU
		{1D1C3A69-C6E7-4C96-BFD5-B42F50A5466F}.Release|Any CPU.Build.0 = Release|Any CPU
		{1D1C3A69-C6E7-4C96-BFD5-B42F50A5466F}.Release|Mixed Platforms.ActiveCfg = Release|Any CPU
		{1D1C3A69-C6E7-4C96-BFD5-B42F50A5466F}.Release|Mixed Platforms.Build.0 = Release|Any CPU
		{1D1C3A69-C6E7-4C96-BFD5-B42F50A5466F}.Release|x86.ActiveCfg = Release|Any CPU
	EndGlobalSection
	GlobalSection(SolutionProperties) = preSolution
		HideSolutionNode = FALSE
	EndGlobalSection
EndGlobal
